
Microsoft Visual Studio Solution File, Format Version 12.00
# Visual Studio 15
VisualStudioVersion = 15.0.27130.2027
MinimumVisualStudioVersion = 10.0.40219.1
Project("{8BC9CEB8-8B4A-11D0-8D11-00A0C91BC942}") = "Программирование ЯВУ лаба 3", "Программирование ЯВУ лаба 3\Программирование ЯВУ лаба 3.vcxproj", "{9502A34E-F9B7-43C4-942F-EA1C4121E442}"
EndProject
Global
	GlobalSection(SolutionConfigurationPlatforms) = preSolution
		Debug|x64 = Debug|x64
		Debug|x86 = Debug|x86
		Release|x64 = Release|x64
		Release|x86 = Release|x86
	EndGlobalSection
	GlobalSection(ProjectConfigurationPlatforms) = postSolution
		{9502A34E-F9B7-43C4-942F-EA1C4121E442}.Debug|x64.ActiveCfg = Debug|x64
		{9502A34E-F9B7-43C4-942F-EA1C4121E442}.Debug|x64.Build.0 = Debug|x64
		{9502A34E-F9B7-43C4-942F-EA1C4121E442}.Debug|x86.ActiveCfg = Debug|Win32
		{9502A34E-F9B7-43C4-942F-EA1C4121E442}.Debug|x86.Build.0 = Debug|Win32
		{9502A34E-F9B7-43C4-942F-EA1C4121E442}.Release|x64.ActiveCfg = Release|x64
		{9502A34E-F9B7-43C4-942F-EA1C4121E442}.Release|x64.Build.0 = Release|x64
		{9502A34E-F9B7-43C4-942F-EA1C4121E442}.Release|x86.ActiveCfg = Release|Win32
		{9502A34E-F9B7-43C4-942F-EA1C4121E442}.Release|x86.Build.0 = Release|Win32
	EndGlobalSection
	GlobalSection(SolutionProperties) = preSolution
		HideSolutionNode = FALSE
	EndGlobalSection
	GlobalSection(ExtensibilityGlobals) = postSolution
		SolutionGuid = {FDFB0752-0FFB-40B4-924A-D39673E4CBC8}
	EndGlobalSection
EndGlobal
